// !$*UTF8*$!
{
	archiveVersion = 1;
	classes = {
	};
	objectVersion = 46;
	objects = {

/* Begin PBXBuildFile section */
		FEF40E311DD02F8D00F74529 /* AppDelegate.swift in Sources */ = {isa = PBXBuildFile; fileRef = FEF40E301DD02F8D00F74529 /* AppDelegate.swift */; };
		FEF40E331DD02F8D00F74529 /* ViewController.swift in Sources */ = {isa = PBXBuildFile; fileRef = FEF40E321DD02F8D00F74529 /* ViewController.swift */; };
		FEF40E361DD02F8D00F74529 /* Main.storyboard in Resources */ = {isa = PBXBuildFile; fileRef = FEF40E341DD02F8D00F74529 /* Main.storyboard */; };
		FEF40E391DD02F8D00F74529 /* WishListApp.xcdatamodeld in Sources */ = {isa = PBXBuildFile; fileRef = FEF40E371DD02F8D00F74529 /* WishListApp.xcdatamodeld */; };
		FEF40E3B1DD02F8D00F74529 /* Assets.xcassets in Resources */ = {isa = PBXBuildFile; fileRef = FEF40E3A1DD02F8D00F74529 /* Assets.xcassets */; };
		FEF40E3E1DD02F8D00F74529 /* LaunchScreen.storyboard in Resources */ = {isa = PBXBuildFile; fileRef = FEF40E3C1DD02F8D00F74529 /* LaunchScreen.storyboard */; };
/* End PBXBuildFile section */

/* Begin PBXFileReference section */
		FEF40E2D1DD02F8D00F74529 /* WishListApp.app */ = {isa = PBXFileReference; explicitFileType = wrapper.application; includeInIndex = 0; path = WishListApp.app; sourceTree = BUILT_PRODUCTS_DIR; };
		FEF40E301DD02F8D00F74529 /* AppDelegate.swift */ = {isa = PBXFileReference; lastKnownFileType = sourcecode.swift; path = AppDelegate.swift; sourceTree = "<group>"; };
		FEF40E321DD02F8D00F74529 /* ViewController.swift */ = {isa = PBXFileReference; lastKnownFileType = sourcecode.swift; path = ViewController.swift; sourceTree = "<group>"; };
		FEF40E351DD02F8D00F74529 /* Base */ = {isa = PBXFileReference; lastKnownFileType = file.storyboard; name = Base; path = Base.lproj/Main.storyboard; sourceTree = "<group>"; };
		FEF40E381DD02F8D00F74529 /* WishListApp.xcdatamodel */ = {isa = PBXFileReference; lastKnownFileType = wrapper.xcdatamodel; path = WishListApp.xcdatamodel; sourceTree = "<group>"; };
		FEF40E3A1DD02F8D00F74529 /* Assets.xcassets */ = {isa = PBXFileReference; lastKnownFileType = folder.assetcatalog; path = Assets.xcassets; sourceTree = "<group>"; };
		FEF40E3D1DD02F8D00F74529 /* Base */ = {isa = PBXFileReference; lastKnownFileType = file.storyboard; name = Base; path = Base.lproj/LaunchScreen.storyboard; sourceTree = "<group>"; };
		FEF40E3F1DD02F8D00F74529 /* Info.plist */ = {isa = PBXFileReference; lastKnownFileType = text.plist.xml; path = Info.plist; sourceTree = "<group>"; };
/* End PBXFileReference section */

/* Begin PBXFrameworksBuildPhase section */
		FEF40E2A1DD02F8D00F74529 /* Frameworks */ = {
			isa = PBXFrameworksBuildPhase;
			buildActionMask = 2147483647;
			files = (
			);
			runOnlyForDeploymentPostprocessing = 0;
		};
/* End PBXFrameworksBuildPhase section */

/* Begin PBXGroup section */
		FEF40E241DD02F8D00F74529 = {
			isa = PBXGroup;
			children = (
				FEF40E2F1DD02F8D00F74529 /* WishListApp */,
				FEF40E2E1DD02F8D00F74529 /* Products */,
			);
			sourceTree = "<group>";
		};
		FEF40E2E1DD02F8D00F74529 /* Products */ = {
			isa = PBXGroup;
			children = (
				FEF40E2D1DD02F8D00F74529 /* WishListApp.app */,
			);
			name = Products;
			sourceTree = "<group>";
		};
		FEF40E2F1DD02F8D00F74529 /* WishListApp */ = {
			isa = PBXGroup;
			children = (
				FEF40E301DD02F8D00F74529 /* AppDelegate.swift */,
				FEF40E321DD02F8D00F74529 /* ViewController.swift */,
				FEF40E341DD02F8D00F74529 /* Main.storyboard */,
				FEF40E3A1DD02F8D00F74529 /* Assets.xcassets */,
				FEF40E3C1DD02F8D00F74529 /* LaunchScreen.storyboard */,
				FEF40E3F1DD02F8D00F74529 /* Info.plist */,
				FEF40E371DD02F8D00F74529 /* WishListApp.xcdatamodeld */,
			);
			path = WishListApp;
			sourceTree = "<group>";
		};
/* End PBXGroup section */

/* Begin PBXNativeTarget section */
		FEF40E2C1DD02F8D00F74529 /* WishListApp */ = {
			isa = PBXNativeTarget;
			buildConfigurationList = FEF40E421DD02F8D00F74529 /* Build configuration list for PBXNativeTarget "WishListApp" */;
			buildPhases = (
				FEF40E291DD02F8D00F74529 /* Sources */,
				FEF40E2A1DD02F8D00F74529 /* Frameworks */,
				FEF40E2B1DD02F8D00F74529 /* Resources */,
			);
			buildRules = (
			);
			dependencies = (
			);
			name = WishListApp;
			productName = WishListApp;
			productReference = FEF40E2D1DD02F8D00F74529 /* WishListApp.app */;
			productType = "com.apple.product-type.application";
		};
/* End PBXNativeTarget section */

/* Begin PBXProject section */
		FEF40E251DD02F8D00F74529 /* Project object */ = {
			isa = PBXProject;
			attributes = {
				LastSwiftUpdateCheck = 0810;
				LastUpgradeCheck = 0810;
				ORGANIZATIONNAME = PomHaffs;
				TargetAttributes = {
					FEF40E2C1DD02F8D00F74529 = {
						CreatedOnToolsVersion = 8.1;
						DevelopmentTeam = KDG44MVL2D;
						ProvisioningStyle = Automatic;
					};
				};
			};
			buildConfigurationList = FEF40E281DD02F8D00F74529 /* Build configuration list for PBXProject "WishListApp" */;
			compatibilityVersion = "Xcode 3.2";
			developmentRegion = English;
			hasScannedForEncodings = 0;
			knownRegions = (
				en,
				Base,
			);
			mainGroup = FEF40E241DD02F8D00F74529;
			productRefGroup = FEF40E2E1DD02F8D00F74529 /* Products */;
			projectDirPath = "";
			projectRoot = "";
			targets = (
				FEF40E2C1DD02F8D00F74529 /* WishListApp */,
			);
		};
/* End PBXProject section */

/* Begin PBXResourcesBuildPhase section */
		FEF40E2B1DD02F8D00F74529 /* Resources */ = {
			isa = PBXResourcesBuildPhase;
			buildActionMask = 2147483647;
			files = (
				FEF40E3E1DD02F8D00F74529 /* LaunchScreen.storyboard in Resources */,
				FEF40E3B1DD02F8D00F74529 /* Assets.xcassets in Resources */,
				FEF40E361DD02F8D00F74529 /* Main.storyboard in Resources */,
			);
			runOnlyForDeploymentPostprocessing = 0;
		};
/* End PBXResourcesBuildPhase section */

/* Begin PBXSourcesBuildPhase section */
		FEF40E291DD02F8D00F74529 /* Sources */ = {
			isa = PBXSourcesBuildPhase;
			buildActionMask = 2147483647;
			files = (
				FEF40E391DD02F8D00F74529 /* WishListApp.xcdatamodeld in Sources */,
				FEF40E331DD02F8D00F74529 /* ViewController.swift in Sources */,
				FEF40E311DD02F8D00F74529 /* AppDelegate.swift in Sources */,
			);
			runOnlyForDeploymentPostprocessing = 0;
		};
/* End PBXSourcesBuildPhase section */

/* Begin PBXVariantGroup section */
		FEF40E341DD02F8D00F74529 /* Main.storyboard */ = {
			isa = PBXVariantGroup;
			children = (
				FEF40E351DD02F8D00F74529 /* Base */,
			);
			name = Main.storyboard;
			sourceTree = "<group>";
		};
		FEF40E3C1DD02F8D00F74529 /* LaunchScreen.storyboard */ = {
			isa = PBXVariantGroup;
			children = (
				FEF40E3D1DD02F8D00F74529 /* Base */,
			);
			name = LaunchScreen.storyboard;
			sourceTree = "<group>";
		};
/* End PBXVariantGroup section */

/* Begin XCBuildConfiguration section */
		FEF40E401DD02F8D00F74529 /* Debug */ = {
			isa = XCBuildConfiguration;
			buildSettings = {
				ALWAYS_SEARCH_USER_PATHS = NO;
				CLANG_ANALYZER_NONNULL = YES;
				CLANG_CXX_LANGUAGE_STANDARD = "gnu++0x";
				CLANG_CXX_LIBRARY = "libc++";
				CLANG_ENABLE_MODULES = YES;
				CLANG_ENABLE_OBJC_ARC = YES;
				CLANG_WARN_BOOL_CONVERSION = YES;
				CLANG_WARN_CONSTANT_CONVERSION = YES;
				CLANG_WARN_DIRECT_OBJC_ISA_USAGE = YES_ERROR;
				CLANG_WARN_DOCUMENTATION_COMMENTS = YES;
				CLANG_WARN_EMPTY_BODY = YES;
				CLANG_WARN_ENUM_CONVERSION = YES;
				CLANG_WARN_INFINITE_RECURSION = YES;
				CLANG_WARN_INT_CONVERSION = YES;
				CLANG_WARN_OBJC_ROOT_CLASS = YES_ERROR;
				CLANG_WARN_SUSPICIOUS_MOVES = YES;
				CLANG_WARN_UNREACHABLE_CODE = YES;
				CLANG_WARN__DUPLICATE_METHOD_MATCH = YES;
				"CODE_SIGN_IDENTITY[sdk=iphoneos*]" = "iPhone Developer";
				COPY_PHASE_STRIP = NO;
				DEBUG_INFORMATION_FORMAT = dwarf;
				ENABLE_STRICT_OBJC_MSGSEND = YES;
				ENABLE_TESTABILITY = YES;
				GCC_C_LANGUAGE_STANDARD = gnu99;
				GCC_DYNAMIC_NO_PIC = NO;
				GCC_NO_COMMON_BLOCKS = YES;
				GCC_OPTIMIZATION_LEVEL = 0;
				GCC_PREPROCESSOR_DEFINITIONS = (
					"DEBUG=1",
					"$(inherited)",
				);
				GCC_WARN_64_TO_32_BIT_CONVERSION = YES;
				GCC_WARN_ABOUT_RETURN_TYPE = YES_ERROR;
				GCC_WARN_UNDECLARED_SELECTOR = YES;
				GCC_WARN_UNINITIALIZED_AUTOS = YES_AGGRESSIVE;
				GCC_WARN_UNUSED_FUNCTION = YES;
				GCC_WARN_UNUSED_VARIABLE = YES;
				IPHONEOS_DEPLOYMENT_TARGET = 10.1;
				MTL_ENABLE_DEBUG_INFO = YES;
				ONLY_ACTIVE_ARCH = YES;
				SDKROOT = iphoneos;
				SWIFT_ACTIVE_COMPILATION_CONDITIONS = DEBUG;
				SWIFT_OPTIMIZATION_LEVEL = "-Onone";
				TARGETED_DEVICE_FAMILY = "1,2";
			};
			name = Debug;
		};
		FEF40E411DD02F8D00F74529 /* Release */ = {
			isa = XCBuildConfiguration;
			buildSettings = {
				ALWAYS_SEARCH_USER_PATHS = NO;
				CLANG_ANALYZER_NONNULL = YES;
				CLANG_CXX_LANGUAGE_STANDARD = "gnu++0x";
				CLANG_CXX_LIBRARY = "libc++";
				CLANG_ENABLE_MODULES = YES;
				CLANG_ENABLE_OBJC_ARC = YES;
				CLANG_WARN_BOOL_CONVERSION = YES;
				CLANG_WARN_CONSTANT_CONVERSION = YES;
				CLANG_WARN_DIRECT_OBJC_ISA_USAGE = YES_ERROR;
				CLANG_WARN_DOCUMENTATION_COMMENTS = YES;
				CLANG_WARN_EMPTY_BODY = YES;
				CLANG_WARN_ENUM_CONVERSION = YES;
				CLANG_WARN_INFINITE_RECURSION = YES;
				CLANG_WARN_INT_CONVERSION = YES;
				CLANG_WARN_OBJC_ROOT_CLASS = YES_ERROR;
				CLANG_WARN_SUSPICIOUS_MOVES = YES;
				CLANG_WARN_UNREACHABLE_CODE = YES;
				CLANG_WARN__DUPLICATE_METHOD_MATCH = YES;
				"CODE_SIGN_IDENTITY[sdk=iphoneos*]" = "iPhone Developer";
				COPY_PHASE_STRIP = NO;
				DEBUG_INFORMATION_FORMAT = "dwarf-with-dsym";
				ENABLE_NS_ASSERTIONS = NO;
				ENABLE_STRICT_OBJC_MSGSEND = YES;
				GCC_C_LANGUAGE_STANDARD = gnu99;
				GCC_NO_COMMON_BLOCKS = YES;
				GCC_WARN_64_TO_32_BIT_CONVERSION = YES;
				GCC_WARN_ABOUT_RETURN_TYPE = YES_ERROR;
				GCC_WARN_UNDECLARED_SELECTOR = YES;
				GCC_WARN_UNINITIALIZED_AUTOS = YES_AGGRESSIVE;
				GCC_WARN_UNUSED_FUNCTION = YES;
				GCC_WARN_UNUSED_VARIABLE = YES;
				IPHONEOS_DEPLOYMENT_TARGET = 10.1;
				MTL_ENABLE_DEBUG_INFO = NO;
				SDKROOT = iphoneos;
				SWIFT_OPTIMIZATION_LEVEL = "-Owholemodule";
				TARGETED_DEVICE_FAMILY = "1,2";
				VALIDATE_PRODUCT = YES;
			};
			name = Release;
		};
		FEF40E431DD02F8D00F74529 /* Debug */ = {
			isa = XCBuildConfiguration;
			buildSettings = {
				ASSETCATALOG_COMPILER_APPICON_NAME = AppIcon;
				DEVELOPMENT_TEAM = KDG44MVL2D;
				INFOPLIST_FILE = WishListApp/Info.plist;
				LD_RUNPATH_SEARCH_PATHS = "$(inherited) @executable_path/Frameworks";
				PRODUCT_BUNDLE_IDENTIFIER = PomHaffs.WishListApp;
				PRODUCT_NAME = "$(TARGET_NAME)";
				SWIFT_VERSION = 3.0;
			};
			name = Debug;
		};
		FEF40E441DD02F8D00F74529 /* Release */ = {
			isa = XCBuildConfiguration;
			buildSettings = {
				ASSETCATALOG_COMPILER_APPICON_NAME = AppIcon;
				DEVELOPMENT_TEAM = KDG44MVL2D;
				INFOPLIST_FILE = WishListApp/Info.plist;
				LD_RUNPATH_SEARCH_PATHS = "$(inherited) @executable_path/Frameworks";
				PRODUCT_BUNDLE_IDENTIFIER = PomHaffs.WishListApp;
				PRODUCT_NAME = "$(TARGET_NAME)";
				SWIFT_VERSION = 3.0;
			};
			name = Release;
		};
/* End XCBuildConfiguration section */

/* Begin XCConfigurationList section */
		FEF40E281DD02F8D00F74529 /* Build configuration list for PBXProject "WishListApp" */ = {
			isa = XCConfigurationList;
			buildConfigurations = (
				FEF40E401DD02F8D00F74529 /* Debug */,
				FEF40E411DD02F8D00F74529 /* Release */,
			);
			defaultConfigurationIsVisible = 0;
			defaultConfigurationName = Release;
		};
		FEF40E421DD02F8D00F74529 /* Build configuration list for PBXNativeTarget "WishListApp" */ = {
			isa = XCConfigurationList;
			buildConfigurations = (
				FEF40E431DD02F8D00F74529 /* Debug */,
				FEF40E441DD02F8D00F74529 /* Release */,
			);
			defaultConfigurationIsVisible = 0;
		};
/* End XCConfigurationList section */

/* Begin XCVersionGroup section */
		FEF40E371DD02F8D00F74529 /* WishListApp.xcdatamodeld */ = {
			isa = XCVersionGroup;
			children = (
				FEF40E381DD02F8D00F74529 /* WishListApp.xcdatamodel */,
			);
			currentVersion = FEF40E381DD02F8D00F74529 /* WishListApp.xcdatamodel */;
			path = WishListApp.xcdatamodeld;
			sourceTree = "<group>";
			versionGroupType = wrapper.xcdatamodel;
		};
/* End XCVersionGroup section */
	};
	rootObject = FEF40E251DD02F8D00F74529 /* Project object */;
}
